
Microsoft Visual Studio Solution File, Format Version 12.00
# Visual Studio Version 17
VisualStudioVersion = 17.10.35122.118
MinimumVisualStudioVersion = 10.0.40219.1
Project("{FAE04EC0-301F-11D3-BF4B-00C04F79EFBC}") = "28", "28.csproj", "{1C113D51-4719-452F-88DB-B708533F8E41}"
EndProject
Global
	GlobalSection(SolutionConfigurationPlatforms) = preSolution
		Debug|Any CPU = Debug|Any CPU
		Release|Any CPU = Release|Any CPU
	EndGlobalSection
	GlobalSection(ProjectConfigurationPlatforms) = postSolution
		{1C113D51-4719-452F-88DB-B708533F8E41}.Debug|Any CPU.ActiveCfg = Debug|Any CPU
		{1C113D51-4719-452F-88DB-B708533F8E41}.Debug|Any CPU.Build.0 = Debug|Any CPU
		{1C113D51-4719-452F-88DB-B708533F8E41}.Release|Any CPU.ActiveCfg = Release|Any CPU
		{1C113D51-4719-452F-88DB-B708533F8E41}.Release|Any CPU.Build.0 = Release|Any CPU
	EndGlobalSection
	GlobalSection(SolutionProperties) = preSolution
		HideSolutionNode = FALSE
	EndGlobalSection
	GlobalSection(ExtensibilityGlobals) = postSolution
		SolutionGuid = {972A7952-C47B-424F-9057-FCE58957F268}
	EndGlobalSection
EndGlobal
